// !$*UTF8*$!
{
	archiveVersion = 1;
	classes = {
	};
	objectVersion = 56;
	objects = {

/* Begin PBXBuildFile section */
		1A0856B32A70985C00F29047 /* AppDelegate.swift in Sources */ = {isa = PBXBuildFile; fileRef = 1A0856B22A70985C00F29047 /* AppDelegate.swift */; };
		1A0856B52A70985C00F29047 /* SceneDelegate.swift in Sources */ = {isa = PBXBuildFile; fileRef = 1A0856B42A70985C00F29047 /* SceneDelegate.swift */; };
		1A0856BA2A70985C00F29047 /* Main.storyboard in Resources */ = {isa = PBXBuildFile; fileRef = 1A0856B82A70985C00F29047 /* Main.storyboard */; };
		1A0856BC2A70985E00F29047 /* Assets.xcassets in Resources */ = {isa = PBXBuildFile; fileRef = 1A0856BB2A70985E00F29047 /* Assets.xcassets */; };
		1A0856BF2A70985E00F29047 /* LaunchScreen.storyboard in Resources */ = {isa = PBXBuildFile; fileRef = 1A0856BD2A70985E00F29047 /* LaunchScreen.storyboard */; };
		1A0856CA2A70985E00F29047 /* CameraAppTests.swift in Sources */ = {isa = PBXBuildFile; fileRef = 1A0856C92A70985E00F29047 /* CameraAppTests.swift */; };
		1A0856D42A70985E00F29047 /* CameraAppUITests.swift in Sources */ = {isa = PBXBuildFile; fileRef = 1A0856D32A70985E00F29047 /* CameraAppUITests.swift */; };
		1A0856D62A70985E00F29047 /* CameraAppUITestsLaunchTests.swift in Sources */ = {isa = PBXBuildFile; fileRef = 1A0856D52A70985E00F29047 /* CameraAppUITestsLaunchTests.swift */; };
		1A0856E72A7098ED00F29047 /* MainViewController.swift in Sources */ = {isa = PBXBuildFile; fileRef = 1A0856E62A7098ED00F29047 /* MainViewController.swift */; };
		1A0856EB2A70A06700F29047 /* Localizable.strings in Resources */ = {isa = PBXBuildFile; fileRef = 1A0856EA2A70A06700F29047 /* Localizable.strings */; };
		1A0856ED2A70A2EB00F29047 /* CameraViewController.swift in Sources */ = {isa = PBXBuildFile; fileRef = 1A0856EC2A70A2EB00F29047 /* CameraViewController.swift */; };
		1A0856EF2A70A2F800F29047 /* Camera.storyboard in Resources */ = {isa = PBXBuildFile; fileRef = 1A0856EE2A70A2F800F29047 /* Camera.storyboard */; };
		1A0856F12A722F1400F29047 /* ProfileViewController.swift in Sources */ = {isa = PBXBuildFile; fileRef = 1A0856F02A722F1400F29047 /* ProfileViewController.swift */; };
		1A0856F32A722F1E00F29047 /* Profile.storyboard in Resources */ = {isa = PBXBuildFile; fileRef = 1A0856F22A722F1E00F29047 /* Profile.storyboard */; };
/* End PBXBuildFile section */

/* Begin PBXContainerItemProxy section */
		1A0856C62A70985E00F29047 /* PBXContainerItemProxy */ = {
			isa = PBXContainerItemProxy;
			containerPortal = 1A0856A72A70985C00F29047 /* Project object */;
			proxyType = 1;
			remoteGlobalIDString = 1A0856AE2A70985C00F29047;
			remoteInfo = CameraApp;
		};
		1A0856D02A70985E00F29047 /* PBXContainerItemProxy */ = {
			isa = PBXContainerItemProxy;
			containerPortal = 1A0856A72A70985C00F29047 /* Project object */;
			proxyType = 1;
			remoteGlobalIDString = 1A0856AE2A70985C00F29047;
			remoteInfo = CameraApp;
		};
/* End PBXContainerItemProxy section */

/* Begin PBXFileReference section */
		1A0856AF2A70985C00F29047 /* CameraApp.app */ = {isa = PBXFileReference; explicitFileType = wrapper.application; includeInIndex = 0; path = CameraApp.app; sourceTree = BUILT_PRODUCTS_DIR; };
		1A0856B22A70985C00F29047 /* AppDelegate.swift */ = {isa = PBXFileReference; lastKnownFileType = sourcecode.swift; path = AppDelegate.swift; sourceTree = "<group>"; };
		1A0856B42A70985C00F29047 /* SceneDelegate.swift */ = {isa = PBXFileReference; lastKnownFileType = sourcecode.swift; path = SceneDelegate.swift; sourceTree = "<group>"; };
		1A0856B92A70985C00F29047 /* Base */ = {isa = PBXFileReference; lastKnownFileType = file.storyboard; name = Base; path = Base.lproj/Main.storyboard; sourceTree = "<group>"; };
		1A0856BB2A70985E00F29047 /* Assets.xcassets */ = {isa = PBXFileReference; lastKnownFileType = folder.assetcatalog; path = Assets.xcassets; sourceTree = "<group>"; };
		1A0856BE2A70985E00F29047 /* Base */ = {isa = PBXFileReference; lastKnownFileType = file.storyboard; name = Base; path = Base.lproj/LaunchScreen.storyboard; sourceTree = "<group>"; };
		1A0856C02A70985E00F29047 /* Info.plist */ = {isa = PBXFileReference; lastKnownFileType = text.plist.xml; path = Info.plist; sourceTree = "<group>"; };
		1A0856C52A70985E00F29047 /* CameraAppTests.xctest */ = {isa = PBXFileReference; explicitFileType = wrapper.cfbundle; includeInIndex = 0; path = CameraAppTests.xctest; sourceTree = BUILT_PRODUCTS_DIR; };
		1A0856C92A70985E00F29047 /* CameraAppTests.swift */ = {isa = PBXFileReference; lastKnownFileType = sourcecode.swift; path = CameraAppTests.swift; sourceTree = "<group>"; };
		1A0856CF2A70985E00F29047 /* CameraAppUITests.xctest */ = {isa = PBXFileReference; explicitFileType = wrapper.cfbundle; includeInIndex = 0; path = CameraAppUITests.xctest; sourceTree = BUILT_PRODUCTS_DIR; };
		1A0856D32A70985E00F29047 /* CameraAppUITests.swift */ = {isa = PBXFileReference; lastKnownFileType = sourcecode.swift; path = CameraAppUITests.swift; sourceTree = "<group>"; };
		1A0856D52A70985E00F29047 /* CameraAppUITestsLaunchTests.swift */ = {isa = PBXFileReference; lastKnownFileType = sourcecode.swift; path = CameraAppUITestsLaunchTests.swift; sourceTree = "<group>"; };
		1A0856E62A7098ED00F29047 /* MainViewController.swift */ = {isa = PBXFileReference; lastKnownFileType = sourcecode.swift; path = MainViewController.swift; sourceTree = "<group>"; };
		1A0856EA2A70A06700F29047 /* Localizable.strings */ = {isa = PBXFileReference; lastKnownFileType = text.plist.strings; path = Localizable.strings; sourceTree = "<group>"; };
		1A0856EC2A70A2EB00F29047 /* CameraViewController.swift */ = {isa = PBXFileReference; lastKnownFileType = sourcecode.swift; path = CameraViewController.swift; sourceTree = "<group>"; };
		1A0856EE2A70A2F800F29047 /* Camera.storyboard */ = {isa = PBXFileReference; lastKnownFileType = file.storyboard; path = Camera.storyboard; sourceTree = "<group>"; };
		1A0856F02A722F1400F29047 /* ProfileViewController.swift */ = {isa = PBXFileReference; lastKnownFileType = sourcecode.swift; path = ProfileViewController.swift; sourceTree = "<group>"; };
		1A0856F22A722F1E00F29047 /* Profile.storyboard */ = {isa = PBXFileReference; lastKnownFileType = file.storyboard; path = Profile.storyboard; sourceTree = "<group>"; };
/* End PBXFileReference section */

/* Begin PBXFrameworksBuildPhase section */
		1A0856AC2A70985C00F29047 /* Frameworks */ = {
			isa = PBXFrameworksBuildPhase;
			buildActionMask = 2147483647;
			files = (
			);
			runOnlyForDeploymentPostprocessing = 0;
		};
		1A0856C22A70985E00F29047 /* Frameworks */ = {
			isa = PBXFrameworksBuildPhase;
			buildActionMask = 2147483647;
			files = (
			);
			runOnlyForDeploymentPostprocessing = 0;
		};
		1A0856CC2A70985E00F29047 /* Frameworks */ = {
			isa = PBXFrameworksBuildPhase;
			buildActionMask = 2147483647;
			files = (
			);
			runOnlyForDeploymentPostprocessing = 0;
		};
/* End PBXFrameworksBuildPhase section */

/* Begin PBXGroup section */
		1A0856A62A70985C00F29047 = {
			isa = PBXGroup;
			children = (
				1A0856B12A70985C00F29047 /* CameraApp */,
				1A0856C82A70985E00F29047 /* CameraAppTests */,
				1A0856D22A70985E00F29047 /* CameraAppUITests */,
				1A0856B02A70985C00F29047 /* Products */,
			);
			sourceTree = "<group>";
		};
		1A0856B02A70985C00F29047 /* Products */ = {
			isa = PBXGroup;
			children = (
				1A0856AF2A70985C00F29047 /* CameraApp.app */,
				1A0856C52A70985E00F29047 /* CameraAppTests.xctest */,
				1A0856CF2A70985E00F29047 /* CameraAppUITests.xctest */,
			);
			name = Products;
			sourceTree = "<group>";
		};
		1A0856B12A70985C00F29047 /* CameraApp */ = {
			isa = PBXGroup;
			children = (
				1A0856E22A70988200F29047 /* Model */,
				1A0856E32A70988800F29047 /* View */,
				1A0856E42A70988F00F29047 /* ViewModel */,
				1A0856E52A70989500F29047 /* etc */,
			);
			path = CameraApp;
			sourceTree = "<group>";
		};
		1A0856C82A70985E00F29047 /* CameraAppTests */ = {
			isa = PBXGroup;
			children = (
				1A0856C92A70985E00F29047 /* CameraAppTests.swift */,
			);
			path = CameraAppTests;
			sourceTree = "<group>";
		};
		1A0856D22A70985E00F29047 /* CameraAppUITests */ = {
			isa = PBXGroup;
			children = (
				1A0856D32A70985E00F29047 /* CameraAppUITests.swift */,
				1A0856D52A70985E00F29047 /* CameraAppUITestsLaunchTests.swift */,
			);
			path = CameraAppUITests;
			sourceTree = "<group>";
		};
		1A0856E22A70988200F29047 /* Model */ = {
			isa = PBXGroup;
			children = (
			);
			path = Model;
			sourceTree = "<group>";
		};
		1A0856E32A70988800F29047 /* View */ = {
			isa = PBXGroup;
			children = (
				1A0856E62A7098ED00F29047 /* MainViewController.swift */,
				1A0856B82A70985C00F29047 /* Main.storyboard */,
				1A0856EC2A70A2EB00F29047 /* CameraViewController.swift */,
				1A0856EE2A70A2F800F29047 /* Camera.storyboard */,
				1A0856F02A722F1400F29047 /* ProfileViewController.swift */,
				1A0856F22A722F1E00F29047 /* Profile.storyboard */,
			);
			path = View;
			sourceTree = "<group>";
		};
		1A0856E42A70988F00F29047 /* ViewModel */ = {
			isa = PBXGroup;
			children = (
			);
			path = ViewModel;
			sourceTree = "<group>";
		};
		1A0856E52A70989500F29047 /* etc */ = {
			isa = PBXGroup;
			children = (
				1A0856B42A70985C00F29047 /* SceneDelegate.swift */,
				1A0856B22A70985C00F29047 /* AppDelegate.swift */,
				1A0856BB2A70985E00F29047 /* Assets.xcassets */,
				1A0856BD2A70985E00F29047 /* LaunchScreen.storyboard */,
				1A0856C02A70985E00F29047 /* Info.plist */,
				1A0856EA2A70A06700F29047 /* Localizable.strings */,
			);
			path = etc;
			sourceTree = "<group>";
		};
/* End PBXGroup section */

/* Begin PBXNativeTarget section */
		1A0856AE2A70985C00F29047 /* CameraApp */ = {
			isa = PBXNativeTarget;
			buildConfigurationList = 1A0856D92A70985E00F29047 /* Build configuration list for PBXNativeTarget "CameraApp" */;
			buildPhases = (
				1A0856AB2A70985C00F29047 /* Sources */,
				1A0856AC2A70985C00F29047 /* Frameworks */,
				1A0856AD2A70985C00F29047 /* Resources */,
			);
			buildRules = (
			);
			dependencies = (
			);
			name = CameraApp;
			productName = CameraApp;
			productReference = 1A0856AF2A70985C00F29047 /* CameraApp.app */;
			productType = "com.apple.product-type.application";
		};
		1A0856C42A70985E00F29047 /* CameraAppTests */ = {
			isa = PBXNativeTarget;
			buildConfigurationList = 1A0856DC2A70985E00F29047 /* Build configuration list for PBXNativeTarget "CameraAppTests" */;
			buildPhases = (
				1A0856C12A70985E00F29047 /* Sources */,
				1A0856C22A70985E00F29047 /* Frameworks */,
				1A0856C32A70985E00F29047 /* Resources */,
			);
			buildRules = (
			);
			dependencies = (
				1A0856C72A70985E00F29047 /* PBXTargetDependency */,
			);
			name = CameraAppTests;
			productName = CameraAppTests;
			productReference = 1A0856C52A70985E00F29047 /* CameraAppTests.xctest */;
			productType = "com.apple.product-type.bundle.unit-test";
		};
		1A0856CE2A70985E00F29047 /* CameraAppUITests */ = {
			isa = PBXNativeTarget;
			buildConfigurationList = 1A0856DF2A70985E00F29047 /* Build configuration list for PBXNativeTarget "CameraAppUITests" */;
			buildPhases = (
				1A0856CB2A70985E00F29047 /* Sources */,
				1A0856CC2A70985E00F29047 /* Frameworks */,
				1A0856CD2A70985E00F29047 /* Resources */,
			);
			buildRules = (
			);
			dependencies = (
				1A0856D12A70985E00F29047 /* PBXTargetDependency */,
			);
			name = CameraAppUITests;
			productName = CameraAppUITests;
			productReference = 1A0856CF2A70985E00F29047 /* CameraAppUITests.xctest */;
			productType = "com.apple.product-type.bundle.ui-testing";
		};
/* End PBXNativeTarget section */

/* Begin PBXProject section */
		1A0856A72A70985C00F29047 /* Project object */ = {
			isa = PBXProject;
			attributes = {
				BuildIndependentTargetsInParallel = 1;
				LastSwiftUpdateCheck = 1430;
				LastUpgradeCheck = 1430;
				TargetAttributes = {
					1A0856AE2A70985C00F29047 = {
						CreatedOnToolsVersion = 14.3;
					};
					1A0856C42A70985E00F29047 = {
						CreatedOnToolsVersion = 14.3;
						TestTargetID = 1A0856AE2A70985C00F29047;
					};
					1A0856CE2A70985E00F29047 = {
						CreatedOnToolsVersion = 14.3;
						TestTargetID = 1A0856AE2A70985C00F29047;
					};
				};
			};
			buildConfigurationList = 1A0856AA2A70985C00F29047 /* Build configuration list for PBXProject "CameraApp" */;
			compatibilityVersion = "Xcode 14.0";
			developmentRegion = en;
			hasScannedForEncodings = 0;
			knownRegions = (
				en,
				Base,
			);
			mainGroup = 1A0856A62A70985C00F29047;
			productRefGroup = 1A0856B02A70985C00F29047 /* Products */;
			projectDirPath = "";
			projectRoot = "";
			targets = (
				1A0856AE2A70985C00F29047 /* CameraApp */,
				1A0856C42A70985E00F29047 /* CameraAppTests */,
				1A0856CE2A70985E00F29047 /* CameraAppUITests */,
			);
		};
/* End PBXProject section */

/* Begin PBXResourcesBuildPhase section */
		1A0856AD2A70985C00F29047 /* Resources */ = {
			isa = PBXResourcesBuildPhase;
			buildActionMask = 2147483647;
			files = (
				1A0856F32A722F1E00F29047 /* Profile.storyboard in Resources */,
				1A0856EB2A70A06700F29047 /* Localizable.strings in Resources */,
				1A0856BF2A70985E00F29047 /* LaunchScreen.storyboard in Resources */,
				1A0856BC2A70985E00F29047 /* Assets.xcassets in Resources */,
				1A0856BA2A70985C00F29047 /* Main.storyboard in Resources */,
				1A0856EF2A70A2F800F29047 /* Camera.storyboard in Resources */,
			);
			runOnlyForDeploymentPostprocessing = 0;
		};
		1A0856C32A70985E00F29047 /* Resources */ = {
			isa = PBXResourcesBuildPhase;
			buildActionMask = 2147483647;
			files = (
			);
			runOnlyForDeploymentPostprocessing = 0;
		};
		1A0856CD2A70985E00F29047 /* Resources */ = {
			isa = PBXResourcesBuildPhase;
			buildActionMask = 2147483647;
			files = (
			);
			runOnlyForDeploymentPostprocessing = 0;
		};
/* End PBXResourcesBuildPhase section */

/* Begin PBXSourcesBuildPhase section */
		1A0856AB2A70985C00F29047 /* Sources */ = {
			isa = PBXSourcesBuildPhase;
			buildActionMask = 2147483647;
			files = (
				1A0856B32A70985C00F29047 /* AppDelegate.swift in Sources */,
				1A0856ED2A70A2EB00F29047 /* CameraViewController.swift in Sources */,
				1A0856F12A722F1400F29047 /* ProfileViewController.swift in Sources */,
				1A0856B52A70985C00F29047 /* SceneDelegate.swift in Sources */,
				1A0856E72A7098ED00F29047 /* MainViewController.swift in Sources */,
			);
			runOnlyForDeploymentPostprocessing = 0;
		};
		1A0856C12A70985E00F29047 /* Sources */ = {
			isa = PBXSourcesBuildPhase;
			buildActionMask = 2147483647;
			files = (
				1A0856CA2A70985E00F29047 /* CameraAppTests.swift in Sources */,
			);
			runOnlyForDeploymentPostprocessing = 0;
		};
		1A0856CB2A70985E00F29047 /* Sources */ = {
			isa = PBXSourcesBuildPhase;
			buildActionMask = 2147483647;
			files = (
				1A0856D42A70985E00F29047 /* CameraAppUITests.swift in Sources */,
				1A0856D62A70985E00F29047 /* CameraAppUITestsLaunchTests.swift in Sources */,
			);
			runOnlyForDeploymentPostprocessing = 0;
		};
/* End PBXSourcesBuildPhase section */

/* Begin PBXTargetDependency section */
		1A0856C72A70985E00F29047 /* PBXTargetDependency */ = {
			isa = PBXTargetDependency;
			target = 1A0856AE2A70985C00F29047 /* CameraApp */;
			targetProxy = 1A0856C62A70985E00F29047 /* PBXContainerItemProxy */;
		};
		1A0856D12A70985E00F29047 /* PBXTargetDependency */ = {
			isa = PBXTargetDependency;
			target = 1A0856AE2A70985C00F29047 /* CameraApp */;
			targetProxy = 1A0856D02A70985E00F29047 /* PBXContainerItemProxy */;
		};
/* End PBXTargetDependency section */

/* Begin PBXVariantGroup section */
		1A0856B82A70985C00F29047 /* Main.storyboard */ = {
			isa = PBXVariantGroup;
			children = (
				1A0856B92A70985C00F29047 /* Base */,
			);
			name = Main.storyboard;
			sourceTree = "<group>";
		};
		1A0856BD2A70985E00F29047 /* LaunchScreen.storyboard */ = {
			isa = PBXVariantGroup;
			children = (
				1A0856BE2A70985E00F29047 /* Base */,
			);
			name = LaunchScreen.storyboard;
			sourceTree = "<group>";
		};
/* End PBXVariantGroup section */

/* Begin XCBuildConfiguration section */
		1A0856D72A70985E00F29047 /* Debug */ = {
			isa = XCBuildConfiguration;
			buildSettings = {
				ALWAYS_SEARCH_USER_PATHS = NO;
				CLANG_ANALYZER_NONNULL = YES;
				CLANG_ANALYZER_NUMBER_OBJECT_CONVERSION = YES_AGGRESSIVE;
				CLANG_CXX_LANGUAGE_STANDARD = "gnu++20";
				CLANG_ENABLE_MODULES = YES;
				CLANG_ENABLE_OBJC_ARC = YES;
				CLANG_ENABLE_OBJC_WEAK = YES;
				CLANG_WARN_BLOCK_CAPTURE_AUTORELEASING = YES;
				CLANG_WARN_BOOL_CONVERSION = YES;
				CLANG_WARN_COMMA = YES;
				CLANG_WARN_CONSTANT_CONVERSION = YES;
				CLANG_WARN_DEPRECATED_OBJC_IMPLEMENTATIONS = YES;
				CLANG_WARN_DIRECT_OBJC_ISA_USAGE = YES_ERROR;
				CLANG_WARN_DOCUMENTATION_COMMENTS = YES;
				CLANG_WARN_EMPTY_BODY = YES;
				CLANG_WARN_ENUM_CONVERSION = YES;
				CLANG_WARN_INFINITE_RECURSION = YES;
				CLANG_WARN_INT_CONVERSION = YES;
				CLANG_WARN_NON_LITERAL_NULL_CONVERSION = YES;
				CLANG_WARN_OBJC_IMPLICIT_RETAIN_SELF = YES;
				CLANG_WARN_OBJC_LITERAL_CONVERSION = YES;
				CLANG_WARN_OBJC_ROOT_CLASS = YES_ERROR;
				CLANG_WARN_QUOTED_INCLUDE_IN_FRAMEWORK_HEADER = YES;
				CLANG_WARN_RANGE_LOOP_ANALYSIS = YES;
				CLANG_WARN_STRICT_PROTOTYPES = YES;
				CLANG_WARN_SUSPICIOUS_MOVE = YES;
				CLANG_WARN_UNGUARDED_AVAILABILITY = YES_AGGRESSIVE;
				CLANG_WARN_UNREACHABLE_CODE = YES;
				CLANG_WARN__DUPLICATE_METHOD_MATCH = YES;
				COPY_PHASE_STRIP = NO;
				DEBUG_INFORMATION_FORMAT = dwarf;
				ENABLE_STRICT_OBJC_MSGSEND = YES;
				ENABLE_TESTABILITY = YES;
				GCC_C_LANGUAGE_STANDARD = gnu11;
				GCC_DYNAMIC_NO_PIC = NO;
				GCC_NO_COMMON_BLOCKS = YES;
				GCC_OPTIMIZATION_LEVEL = 0;
				GCC_PREPROCESSOR_DEFINITIONS = (
					"DEBUG=1",
					"$(inherited)",
				);
				GCC_WARN_64_TO_32_BIT_CONVERSION = YES;
				GCC_WARN_ABOUT_RETURN_TYPE = YES_ERROR;
				GCC_WARN_UNDECLARED_SELECTOR = YES;
				GCC_WARN_UNINITIALIZED_AUTOS = YES_AGGRESSIVE;
				GCC_WARN_UNUSED_FUNCTION = YES;
				GCC_WARN_UNUSED_VARIABLE = YES;
				IPHONEOS_DEPLOYMENT_TARGET = 16.4;
				MTL_ENABLE_DEBUG_INFO = INCLUDE_SOURCE;
				MTL_FAST_MATH = YES;
				ONLY_ACTIVE_ARCH = YES;
				SDKROOT = iphoneos;
				SWIFT_ACTIVE_COMPILATION_CONDITIONS = DEBUG;
				SWIFT_OPTIMIZATION_LEVEL = "-Onone";
			};
			name = Debug;
		};
		1A0856D82A70985E00F29047 /* Release */ = {
			isa = XCBuildConfiguration;
			buildSettings = {
				ALWAYS_SEARCH_USER_PATHS = NO;
				CLANG_ANALYZER_NONNULL = YES;
				CLANG_ANALYZER_NUMBER_OBJECT_CONVERSION = YES_AGGRESSIVE;
				CLANG_CXX_LANGUAGE_STANDARD = "gnu++20";
				CLANG_ENABLE_MODULES = YES;
				CLANG_ENABLE_OBJC_ARC = YES;
				CLANG_ENABLE_OBJC_WEAK = YES;
				CLANG_WARN_BLOCK_CAPTURE_AUTORELEASING = YES;
				CLANG_WARN_BOOL_CONVERSION = YES;
				CLANG_WARN_COMMA = YES;
				CLANG_WARN_CONSTANT_CONVERSION = YES;
				CLANG_WARN_DEPRECATED_OBJC_IMPLEMENTATIONS = YES;
				CLANG_WARN_DIRECT_OBJC_ISA_USAGE = YES_ERROR;
				CLANG_WARN_DOCUMENTATION_COMMENTS = YES;
				CLANG_WARN_EMPTY_BODY = YES;
				CLANG_WARN_ENUM_CONVERSION = YES;
				CLANG_WARN_INFINITE_RECURSION = YES;
				CLANG_WARN_INT_CONVERSION = YES;
				CLANG_WARN_NON_LITERAL_NULL_CONVERSION = YES;
				CLANG_WARN_OBJC_IMPLICIT_RETAIN_SELF = YES;
				CLANG_WARN_OBJC_LITERAL_CONVERSION = YES;
				CLANG_WARN_OBJC_ROOT_CLASS = YES_ERROR;
				CLANG_WARN_QUOTED_INCLUDE_IN_FRAMEWORK_HEADER = YES;
				CLANG_WARN_RANGE_LOOP_ANALYSIS = YES;
				CLANG_WARN_STRICT_PROTOTYPES = YES;
				CLANG_WARN_SUSPICIOUS_MOVE = YES;
				CLANG_WARN_UNGUARDED_AVAILABILITY = YES_AGGRESSIVE;
				CLANG_WARN_UNREACHABLE_CODE = YES;
				CLANG_WARN__DUPLICATE_METHOD_MATCH = YES;
				COPY_PHASE_STRIP = NO;
				DEBUG_INFORMATION_FORMAT = "dwarf-with-dsym";
				ENABLE_NS_ASSERTIONS = NO;
				ENABLE_STRICT_OBJC_MSGSEND = YES;
				GCC_C_LANGUAGE_STANDARD = gnu11;
				GCC_NO_COMMON_BLOCKS = YES;
				GCC_WARN_64_TO_32_BIT_CONVERSION = YES;
				GCC_WARN_ABOUT_RETURN_TYPE = YES_ERROR;
				GCC_WARN_UNDECLARED_SELECTOR = YES;
				GCC_WARN_UNINITIALIZED_AUTOS = YES_AGGRESSIVE;
				GCC_WARN_UNUSED_FUNCTION = YES;
				GCC_WARN_UNUSED_VARIABLE = YES;
				IPHONEOS_DEPLOYMENT_TARGET = 16.4;
				MTL_ENABLE_DEBUG_INFO = NO;
				MTL_FAST_MATH = YES;
				SDKROOT = iphoneos;
				SWIFT_COMPILATION_MODE = wholemodule;
				SWIFT_OPTIMIZATION_LEVEL = "-O";
				VALIDATE_PRODUCT = YES;
			};
			name = Release;
		};
		1A0856DA2A70985E00F29047 /* Debug */ = {
			isa = XCBuildConfiguration;
			buildSettings = {
				ASSETCATALOG_COMPILER_APPICON_NAME = AppIcon;
				ASSETCATALOG_COMPILER_GLOBAL_ACCENT_COLOR_NAME = AccentColor;
				CODE_SIGN_STYLE = Automatic;
				CURRENT_PROJECT_VERSION = 1;
				DEVELOPMENT_TEAM = XSC9AJPSP3;
				GENERATE_INFOPLIST_FILE = YES;
				INFOPLIST_FILE = CameraApp/etc/Info.plist;
				INFOPLIST_KEY_UIApplicationSupportsIndirectInputEvents = YES;
				INFOPLIST_KEY_UILaunchStoryboardName = LaunchScreen;
				INFOPLIST_KEY_UIMainStoryboardFile = Main;
				INFOPLIST_KEY_UISupportedInterfaceOrientations_iPad = "UIInterfaceOrientationPortrait UIInterfaceOrientationPortraitUpsideDown UIInterfaceOrientationLandscapeLeft UIInterfaceOrientationLandscapeRight";
				INFOPLIST_KEY_UISupportedInterfaceOrientations_iPhone = "UIInterfaceOrientationPortrait UIInterfaceOrientationLandscapeLeft UIInterfaceOrientationLandscapeRight";
				IPHONEOS_DEPLOYMENT_TARGET = 13.0;
				LD_RUNPATH_SEARCH_PATHS = (
					"$(inherited)",
					"@executable_path/Frameworks",
				);
				MARKETING_VERSION = 1.0;
				PRODUCT_BUNDLE_IDENTIFIER = jp.art.akidon.CameraApp;
				PRODUCT_NAME = "$(TARGET_NAME)";
				SWIFT_EMIT_LOC_STRINGS = YES;
				SWIFT_VERSION = 5.0;
				TARGETED_DEVICE_FAMILY = "1,2";
			};
			name = Debug;
		};
		1A0856DB2A70985E00F29047 /* Release */ = {
			isa = XCBuildConfiguration;
			buildSettings = {
				ASSETCATALOG_COMPILER_APPICON_NAME = AppIcon;
				ASSETCATALOG_COMPILER_GLOBAL_ACCENT_COLOR_NAME = AccentColor;
				CODE_SIGN_STYLE = Automatic;
				CURRENT_PROJECT_VERSION = 1;
				DEVELOPMENT_TEAM = XSC9AJPSP3;
				GENERATE_INFOPLIST_FILE = YES;
				INFOPLIST_FILE = CameraApp/etc/Info.plist;
				INFOPLIST_KEY_UIApplicationSupportsIndirectInputEvents = YES;
				INFOPLIST_KEY_UILaunchStoryboardName = LaunchScreen;
				INFOPLIST_KEY_UIMainStoryboardFile = Main;
				INFOPLIST_KEY_UISupportedInterfaceOrientations_iPad = "UIInterfaceOrientationPortrait UIInterfaceOrientationPortraitUpsideDown UIInterfaceOrientationLandscapeLeft UIInterfaceOrientationLandscapeRight";
				INFOPLIST_KEY_UISupportedInterfaceOrientations_iPhone = "UIInterfaceOrientationPortrait UIInterfaceOrientationLandscapeLeft UIInterfaceOrientationLandscapeRight";
				IPHONEOS_DEPLOYMENT_TARGET = 13.0;
				LD_RUNPATH_SEARCH_PATHS = (
					"$(inherited)",
					"@executable_path/Frameworks",
				);
				MARKETING_VERSION = 1.0;
				PRODUCT_BUNDLE_IDENTIFIER = jp.art.akidon.CameraApp;
				PRODUCT_NAME = "$(TARGET_NAME)";
				SWIFT_EMIT_LOC_STRINGS = YES;
				SWIFT_VERSION = 5.0;
				TARGETED_DEVICE_FAMILY = "1,2";
			};
			name = Release;
		};
		1A0856DD2A70985E00F29047 /* Debug */ = {
			isa = XCBuildConfiguration;
			buildSettings = {
				ALWAYS_EMBED_SWIFT_STANDARD_LIBRARIES = YES;
				BUNDLE_LOADER = "$(TEST_HOST)";
				CODE_SIGN_STYLE = Automatic;
				CURRENT_PROJECT_VERSION = 1;
				DEVELOPMENT_TEAM = XSC9AJPSP3;
				GENERATE_INFOPLIST_FILE = YES;
				IPHONEOS_DEPLOYMENT_TARGET = 16.4;
				MARKETING_VERSION = 1.0;
				PRODUCT_BUNDLE_IDENTIFIER = jp.art.akidon.CameraAppTests;
				PRODUCT_NAME = "$(TARGET_NAME)";
				SWIFT_EMIT_LOC_STRINGS = NO;
				SWIFT_VERSION = 5.0;
				TARGETED_DEVICE_FAMILY = "1,2";
				TEST_HOST = "$(BUILT_PRODUCTS_DIR)/CameraApp.app/$(BUNDLE_EXECUTABLE_FOLDER_PATH)/CameraApp";
			};
			name = Debug;
		};
		1A0856DE2A70985E00F29047 /* Release */ = {
			isa = XCBuildConfiguration;
			buildSettings = {
				ALWAYS_EMBED_SWIFT_STANDARD_LIBRARIES = YES;
				BUNDLE_LOADER = "$(TEST_HOST)";
				CODE_SIGN_STYLE = Automatic;
				CURRENT_PROJECT_VERSION = 1;
				DEVELOPMENT_TEAM = XSC9AJPSP3;
				GENERATE_INFOPLIST_FILE = YES;
				IPHONEOS_DEPLOYMENT_TARGET = 16.4;
				MARKETING_VERSION = 1.0;
				PRODUCT_BUNDLE_IDENTIFIER = jp.art.akidon.CameraAppTests;
				PRODUCT_NAME = "$(TARGET_NAME)";
				SWIFT_EMIT_LOC_STRINGS = NO;
				SWIFT_VERSION = 5.0;
				TARGETED_DEVICE_FAMILY = "1,2";
				TEST_HOST = "$(BUILT_PRODUCTS_DIR)/CameraApp.app/$(BUNDLE_EXECUTABLE_FOLDER_PATH)/CameraApp";
			};
			name = Release;
		};
		1A0856E02A70985E00F29047 /* Debug */ = {
			isa = XCBuildConfiguration;
			buildSettings = {
				ALWAYS_EMBED_SWIFT_STANDARD_LIBRARIES = YES;
				CODE_SIGN_STYLE = Automatic;
				CURRENT_PROJECT_VERSION = 1;
				DEVELOPMENT_TEAM = XSC9AJPSP3;
				GENERATE_INFOPLIST_FILE = YES;
				MARKETING_VERSION = 1.0;
				PRODUCT_BUNDLE_IDENTIFIER = jp.art.akidon.CameraAppUITests;
				PRODUCT_NAME = "$(TARGET_NAME)";
				SWIFT_EMIT_LOC_STRINGS = NO;
				SWIFT_VERSION = 5.0;
				TARGETED_DEVICE_FAMILY = "1,2";
				TEST_TARGET_NAME = CameraApp;
			};
			name = Debug;
		};
		1A0856E12A70985E00F29047 /* Release */ = {
			isa = XCBuildConfiguration;
			buildSettings = {
				ALWAYS_EMBED_SWIFT_STANDARD_LIBRARIES = YES;
				CODE_SIGN_STYLE = Automatic;
				CURRENT_PROJECT_VERSION = 1;
				DEVELOPMENT_TEAM = XSC9AJPSP3;
				GENERATE_INFOPLIST_FILE = YES;
				MARKETING_VERSION = 1.0;
				PRODUCT_BUNDLE_IDENTIFIER = jp.art.akidon.CameraAppUITests;
				PRODUCT_NAME = "$(TARGET_NAME)";
				SWIFT_EMIT_LOC_STRINGS = NO;
				SWIFT_VERSION = 5.0;
				TARGETED_DEVICE_FAMILY = "1,2";
				TEST_TARGET_NAME = CameraApp;
			};
			name = Release;
		};
/* End XCBuildConfiguration section */

/* Begin XCConfigurationList section */
		1A0856AA2A70985C00F29047 /* Build configuration list for PBXProject "CameraApp" */ = {
			isa = XCConfigurationList;
			buildConfigurations = (
				1A0856D72A70985E00F29047 /* Debug */,
				1A0856D82A70985E00F29047 /* Release */,
			);
			defaultConfigurationIsVisible = 0;
			defaultConfigurationName = Release;
		};
		1A0856D92A70985E00F29047 /* Build configuration list for PBXNativeTarget "CameraApp" */ = {
			isa = XCConfigurationList;
			buildConfigurations = (
				1A0856DA2A70985E00F29047 /* Debug */,
				1A0856DB2A70985E00F29047 /* Release */,
			);
			defaultConfigurationIsVisible = 0;
			defaultConfigurationName = Release;
		};
		1A0856DC2A70985E00F29047 /* Build configuration list for PBXNativeTarget "CameraAppTests" */ = {
			isa = XCConfigurationList;
			buildConfigurations = (
				1A0856DD2A70985E00F29047 /* Debug */,
				1A0856DE2A70985E00F29047 /* Release */,
			);
			defaultConfigurationIsVisible = 0;
			defaultConfigurationName = Release;
		};
		1A0856DF2A70985E00F29047 /* Build configuration list for PBXNativeTarget "CameraAppUITests" */ = {
			isa = XCConfigurationList;
			buildConfigurations = (
				1A0856E02A70985E00F29047 /* Debug */,
				1A0856E12A70985E00F29047 /* Release */,
			);
			defaultConfigurationIsVisible = 0;
			defaultConfigurationName = Release;
		};
/* End XCConfigurationList section */
	};
	rootObject = 1A0856A72A70985C00F29047 /* Project object */;
}
